
Microsoft Visual Studio Solution File, Format Version 12.00
# Visual Studio Version 16
VisualStudioVersion = 16.0.29009.5
MinimumVisualStudioVersion = 10.0.40219.1
Project("{888888A0-9F3D-457C-B088-3A5042F75D52}") = "colour_pallate", "colour_pallate.pyproj", "{E7224165-A8A3-497F-89D9-409AC9B44E15}"
EndProject
Global
	GlobalSection(SolutionConfigurationPlatforms) = preSolution
		Debug|Any CPU = Debug|Any CPU
		Release|Any CPU = Release|Any CPU
	EndGlobalSection
	GlobalSection(ProjectConfigurationPlatforms) = postSolution
		{E7224165-A8A3-497F-89D9-409AC9B44E15}.Debug|Any CPU.ActiveCfg = Debug|Any CPU
		{E7224165-A8A3-497F-89D9-409AC9B44E15}.Release|Any CPU.ActiveCfg = Release|Any CPU
	EndGlobalSection
	GlobalSection(SolutionProperties) = preSolution
		HideSolutionNode = FALSE
	EndGlobalSection
	GlobalSection(ExtensibilityGlobals) = postSolution
		SolutionGuid = {7CD36C39-1F2F-4E0A-A4FE-48A86E30E564}
	EndGlobalSection
EndGlobal
